
Microsoft Visual Studio Solution File, Format Version 12.00
# Visual Studio 15
VisualStudioVersion = 15.0.28010.2003
MinimumVisualStudioVersion = 10.0.40219.1
Project("{FAE04EC0-301F-11D3-BF4B-00C04F79EFBC}") = "OlaMundo", "OlaMundo\OlaMundo.csproj", "{03F378D8-2846-4DFA-9FF4-A03375783159}"
EndProject
Global
	GlobalSection(SolutionConfigurationPlatforms) = preSolution
		Debug|Any CPU = Debug|Any CPU
		Release|Any CPU = Release|Any CPU
	EndGlobalSection
	GlobalSection(ProjectConfigurationPlatforms) = postSolution
		{03F378D8-2846-4DFA-9FF4-A03375783159}.Debug|Any CPU.ActiveCfg = Debug|Any CPU
		{03F378D8-2846-4DFA-9FF4-A03375783159}.Debug|Any CPU.Build.0 = Debug|Any CPU
		{03F378D8-2846-4DFA-9FF4-A03375783159}.Debug|Any CPU.Deploy.0 = Debug|Any CPU
		{03F378D8-2846-4DFA-9FF4-A03375783159}.Release|Any CPU.ActiveCfg = Release|Any CPU
		{03F378D8-2846-4DFA-9FF4-A03375783159}.Release|Any CPU.Build.0 = Release|Any CPU
		{03F378D8-2846-4DFA-9FF4-A03375783159}.Release|Any CPU.Deploy.0 = Release|Any CPU
	EndGlobalSection
	GlobalSection(SolutionProperties) = preSolution
		HideSolutionNode = FALSE
	EndGlobalSection
	GlobalSection(ExtensibilityGlobals) = postSolution
		SolutionGuid = {DF3C11C2-CE72-4236-BBDD-85C2C7DC2686}
	EndGlobalSection
EndGlobal
